
Microsoft Visual Studio Solution File, Format Version 12.00
# Visual Studio Version 16
VisualStudioVersion = 16.0.31129.286
MinimumVisualStudioVersion = 10.0.40219.1
Project("{FAE04EC0-301F-11D3-BF4B-00C04F79EFBC}") = "ConsoleApp13", "ConsoleApp13\ConsoleApp13.csproj", "{A86327D3-C75E-4A11-B05D-8E3ED975A680}"
EndProject
Global
	GlobalSection(SolutionConfigurationPlatforms) = preSolution
		Debug|Any CPU = Debug|Any CPU
		Release|Any CPU = Release|Any CPU
	EndGlobalSection
	GlobalSection(ProjectConfigurationPlatforms) = postSolution
		{A86327D3-C75E-4A11-B05D-8E3ED975A680}.Debug|Any CPU.ActiveCfg = Debug|Any CPU
		{A86327D3-C75E-4A11-B05D-8E3ED975A680}.Debug|Any CPU.Build.0 = Debug|Any CPU
		{A86327D3-C75E-4A11-B05D-8E3ED975A680}.Release|Any CPU.ActiveCfg = Release|Any CPU
		{A86327D3-C75E-4A11-B05D-8E3ED975A680}.Release|Any CPU.Build.0 = Release|Any CPU
	EndGlobalSection
	GlobalSection(SolutionProperties) = preSolution
		HideSolutionNode = FALSE
	EndGlobalSection
	GlobalSection(ExtensibilityGlobals) = postSolution
		SolutionGuid = {8303FDF0-F849-46B5-AFEA-BDD6D38AEB67}
	EndGlobalSection
EndGlobal
